
Microsoft Visual Studio Solution File, Format Version 12.00
# Visual Studio Version 17
VisualStudioVersion = 17.5.33530.505
MinimumVisualStudioVersion = 10.0.40219.1
Project("{FAE04EC0-301F-11D3-BF4B-00C04F79EFBC}") = "BookExceptionLibrary", "BookExceptionLibrary\BookExceptionLibrary.csproj", "{9677F2CF-DA87-48F5-90EE-19855F1739A9}"
EndProject
Project("{2150E333-8FDC-42A3-9474-1A3956D46DE8}") = "Solution Items", "Solution Items", "{137E814B-B05A-4DE7-A51C-D9B9B61C9B14}"
EndProject
Project("{FAE04EC0-301F-11D3-BF4B-00C04F79EFBC}") = "BookExceptionDemo", "BookExceptionDemo\BookExceptionDemo.csproj", "{2BF35DAD-A899-4577-A51F-95CF4CB90319}"
EndProject
Project("{FAE04EC0-301F-11D3-BF4B-00C04F79EFBC}") = "BookExceptionDemo2", "BookExceptionDemo2\BookExceptionDemo2.csproj", "{CD66E851-D33C-44B4-8380-4051E94FAC11}"
EndProject
Global
	GlobalSection(SolutionConfigurationPlatforms) = preSolution
		Debug|Any CPU = Debug|Any CPU
		Release|Any CPU = Release|Any CPU
	EndGlobalSection
	GlobalSection(ProjectConfigurationPlatforms) = postSolution
		{9677F2CF-DA87-48F5-90EE-19855F1739A9}.Debug|Any CPU.ActiveCfg = Debug|Any CPU
		{9677F2CF-DA87-48F5-90EE-19855F1739A9}.Debug|Any CPU.Build.0 = Debug|Any CPU
		{9677F2CF-DA87-48F5-90EE-19855F1739A9}.Release|Any CPU.ActiveCfg = Release|Any CPU
		{9677F2CF-DA87-48F5-90EE-19855F1739A9}.Release|Any CPU.Build.0 = Release|Any CPU
		{2BF35DAD-A899-4577-A51F-95CF4CB90319}.Debug|Any CPU.ActiveCfg = Debug|Any CPU
		{2BF35DAD-A899-4577-A51F-95CF4CB90319}.Debug|Any CPU.Build.0 = Debug|Any CPU
		{2BF35DAD-A899-4577-A51F-95CF4CB90319}.Release|Any CPU.ActiveCfg = Release|Any CPU
		{2BF35DAD-A899-4577-A51F-95CF4CB90319}.Release|Any CPU.Build.0 = Release|Any CPU
		{CD66E851-D33C-44B4-8380-4051E94FAC11}.Debug|Any CPU.ActiveCfg = Debug|Any CPU
		{CD66E851-D33C-44B4-8380-4051E94FAC11}.Debug|Any CPU.Build.0 = Debug|Any CPU
		{CD66E851-D33C-44B4-8380-4051E94FAC11}.Release|Any CPU.ActiveCfg = Release|Any CPU
		{CD66E851-D33C-44B4-8380-4051E94FAC11}.Release|Any CPU.Build.0 = Release|Any CPU
	EndGlobalSection
	GlobalSection(SolutionProperties) = preSolution
		HideSolutionNode = FALSE
	EndGlobalSection
	GlobalSection(ExtensibilityGlobals) = postSolution
		SolutionGuid = {75BC52D4-CE04-407A-A1E7-05A6EC65D67D}
	EndGlobalSection
EndGlobal
