
Microsoft Visual Studio Solution File, Format Version 12.00
# Visual Studio Version 17
VisualStudioVersion = 17.5.33530.505
MinimumVisualStudioVersion = 10.0.40219.1
Project("{FAE04EC0-301F-11D3-BF4B-00C04F79EFBC}") = "Database_File", "Database_File\Database_File.csproj", "{18B57605-5C2F-46D2-A32D-BA88B3F1FA31}"
EndProject
Global
	GlobalSection(SolutionConfigurationPlatforms) = preSolution
		Debug|Any CPU = Debug|Any CPU
		Release|Any CPU = Release|Any CPU
	EndGlobalSection
	GlobalSection(ProjectConfigurationPlatforms) = postSolution
		{18B57605-5C2F-46D2-A32D-BA88B3F1FA31}.Debug|Any CPU.ActiveCfg = Debug|Any CPU
		{18B57605-5C2F-46D2-A32D-BA88B3F1FA31}.Debug|Any CPU.Build.0 = Debug|Any CPU
		{18B57605-5C2F-46D2-A32D-BA88B3F1FA31}.Release|Any CPU.ActiveCfg = Release|Any CPU
		{18B57605-5C2F-46D2-A32D-BA88B3F1FA31}.Release|Any CPU.Build.0 = Release|Any CPU
	EndGlobalSection
	GlobalSection(SolutionProperties) = preSolution
		HideSolutionNode = FALSE
	EndGlobalSection
	GlobalSection(ExtensibilityGlobals) = postSolution
		SolutionGuid = {3138F68C-C839-4075-8CC0-5BFC94F49AA3}
	EndGlobalSection
EndGlobal
