
Microsoft Visual Studio Solution File, Format Version 12.00
# Visual Studio Version 17
VisualStudioVersion = 17.5.33502.453
MinimumVisualStudioVersion = 10.0.40219.1
Project("{FAE04EC0-301F-11D3-BF4B-00C04F79EFBC}") = "Module1", "Class_Module1_FirstApp\Module1.csproj", "{8857E1D2-4BE5-4112-A191-504C215E0023}"
EndProject
Project("{FAE04EC0-301F-11D3-BF4B-00C04F79EFBC}") = "FineForOverDueBooks", "Module4\FineForOverDueBooks.csproj", "{9820657B-3CE3-4995-A5FC-6BEDC5C796FD}"
EndProject
Project("{FAE04EC0-301F-11D3-BF4B-00C04F79EFBC}") = "SalesTransactionDemo", "SalesTransactionDemo\SalesTransactionDemo.csproj", "{2083CD7D-3B7E-41AF-AD57-DF81C9FB4E7F}"
EndProject
Project("{FAE04EC0-301F-11D3-BF4B-00C04F79EFBC}") = "BookExceptionDemo", "BookExceptionDemo\BookExceptionDemo.csproj", "{62D0D5FD-D69A-4438-98E4-FD76C8EE6D3D}"
EndProject
Global
	GlobalSection(SolutionConfigurationPlatforms) = preSolution
		Debug|Any CPU = Debug|Any CPU
		Release|Any CPU = Release|Any CPU
	EndGlobalSection
	GlobalSection(ProjectConfigurationPlatforms) = postSolution
		{8857E1D2-4BE5-4112-A191-504C215E0023}.Debug|Any CPU.ActiveCfg = Debug|Any CPU
		{8857E1D2-4BE5-4112-A191-504C215E0023}.Debug|Any CPU.Build.0 = Debug|Any CPU
		{8857E1D2-4BE5-4112-A191-504C215E0023}.Release|Any CPU.ActiveCfg = Release|Any CPU
		{8857E1D2-4BE5-4112-A191-504C215E0023}.Release|Any CPU.Build.0 = Release|Any CPU
		{9820657B-3CE3-4995-A5FC-6BEDC5C796FD}.Debug|Any CPU.ActiveCfg = Debug|Any CPU
		{9820657B-3CE3-4995-A5FC-6BEDC5C796FD}.Debug|Any CPU.Build.0 = Debug|Any CPU
		{9820657B-3CE3-4995-A5FC-6BEDC5C796FD}.Release|Any CPU.ActiveCfg = Release|Any CPU
		{9820657B-3CE3-4995-A5FC-6BEDC5C796FD}.Release|Any CPU.Build.0 = Release|Any CPU
		{2083CD7D-3B7E-41AF-AD57-DF81C9FB4E7F}.Debug|Any CPU.ActiveCfg = Debug|Any CPU
		{2083CD7D-3B7E-41AF-AD57-DF81C9FB4E7F}.Debug|Any CPU.Build.0 = Debug|Any CPU
		{2083CD7D-3B7E-41AF-AD57-DF81C9FB4E7F}.Release|Any CPU.ActiveCfg = Release|Any CPU
		{2083CD7D-3B7E-41AF-AD57-DF81C9FB4E7F}.Release|Any CPU.Build.0 = Release|Any CPU
		{62D0D5FD-D69A-4438-98E4-FD76C8EE6D3D}.Debug|Any CPU.ActiveCfg = Debug|Any CPU
		{62D0D5FD-D69A-4438-98E4-FD76C8EE6D3D}.Debug|Any CPU.Build.0 = Debug|Any CPU
		{62D0D5FD-D69A-4438-98E4-FD76C8EE6D3D}.Release|Any CPU.ActiveCfg = Release|Any CPU
		{62D0D5FD-D69A-4438-98E4-FD76C8EE6D3D}.Release|Any CPU.Build.0 = Release|Any CPU
	EndGlobalSection
	GlobalSection(SolutionProperties) = preSolution
		HideSolutionNode = FALSE
	EndGlobalSection
	GlobalSection(ExtensibilityGlobals) = postSolution
		SolutionGuid = {F6225C94-5398-45CD-A331-39C004453788}
	EndGlobalSection
EndGlobal
