
Microsoft Visual Studio Solution File, Format Version 12.00
# Visual Studio Version 17
VisualStudioVersion = 17.5.33502.453
MinimumVisualStudioVersion = 10.0.40219.1
Project("{FAE04EC0-301F-11D3-BF4B-00C04F79EFBC}") = "Eggs_Challenge", "Eggs_Challenge\Eggs_Challenge.csproj", "{6DEB1B91-17D9-4CCE-B9C7-3B2A21B20FE6}"
EndProject
Project("{FAE04EC0-301F-11D3-BF4B-00C04F79EFBC}") = "Guessing_Game", "Guessing_Game\Guessing_Game.csproj", "{F5DFC02B-9A89-460E-A965-EAEC7AA39673}"
EndProject
Global
	GlobalSection(SolutionConfigurationPlatforms) = preSolution
		Debug|Any CPU = Debug|Any CPU
		Release|Any CPU = Release|Any CPU
	EndGlobalSection
	GlobalSection(ProjectConfigurationPlatforms) = postSolution
		{6DEB1B91-17D9-4CCE-B9C7-3B2A21B20FE6}.Debug|Any CPU.ActiveCfg = Debug|Any CPU
		{6DEB1B91-17D9-4CCE-B9C7-3B2A21B20FE6}.Debug|Any CPU.Build.0 = Debug|Any CPU
		{6DEB1B91-17D9-4CCE-B9C7-3B2A21B20FE6}.Release|Any CPU.ActiveCfg = Release|Any CPU
		{6DEB1B91-17D9-4CCE-B9C7-3B2A21B20FE6}.Release|Any CPU.Build.0 = Release|Any CPU
		{F5DFC02B-9A89-460E-A965-EAEC7AA39673}.Debug|Any CPU.ActiveCfg = Debug|Any CPU
		{F5DFC02B-9A89-460E-A965-EAEC7AA39673}.Debug|Any CPU.Build.0 = Debug|Any CPU
		{F5DFC02B-9A89-460E-A965-EAEC7AA39673}.Release|Any CPU.ActiveCfg = Release|Any CPU
		{F5DFC02B-9A89-460E-A965-EAEC7AA39673}.Release|Any CPU.Build.0 = Release|Any CPU
	EndGlobalSection
	GlobalSection(SolutionProperties) = preSolution
		HideSolutionNode = FALSE
	EndGlobalSection
	GlobalSection(ExtensibilityGlobals) = postSolution
		SolutionGuid = {AFF99F00-3551-4071-AC8D-C72986E45763}
	EndGlobalSection
EndGlobal
